
Microsoft Visual Studio Solution File, Format Version 12.00
# Visual Studio Version 17
VisualStudioVersion = 17.7.34031.279
MinimumVisualStudioVersion = 10.0.40219.1
Project("{FAE04EC0-301F-11D3-BF4B-00C04F79EFBC}") = "Rozhrani", "Rozhrani.csproj", "{37177D41-1E15-4F29-95CE-9BBB26376B20}"
EndProject
Global
	GlobalSection(SolutionConfigurationPlatforms) = preSolution
		Debug|Any CPU = Debug|Any CPU
		Release|Any CPU = Release|Any CPU
	EndGlobalSection
	GlobalSection(ProjectConfigurationPlatforms) = postSolution
		{37177D41-1E15-4F29-95CE-9BBB26376B20}.Debug|Any CPU.ActiveCfg = Debug|Any CPU
		{37177D41-1E15-4F29-95CE-9BBB26376B20}.Debug|Any CPU.Build.0 = Debug|Any CPU
		{37177D41-1E15-4F29-95CE-9BBB26376B20}.Release|Any CPU.ActiveCfg = Release|Any CPU
		{37177D41-1E15-4F29-95CE-9BBB26376B20}.Release|Any CPU.Build.0 = Release|Any CPU
	EndGlobalSection
	GlobalSection(SolutionProperties) = preSolution
		HideSolutionNode = FALSE
	EndGlobalSection
	GlobalSection(ExtensibilityGlobals) = postSolution
		SolutionGuid = {005B0B60-08ED-4DA6-A095-72D7E3125C56}
	EndGlobalSection
EndGlobal
